
Microsoft Visual Studio Solution File, Format Version 12.00
# Visual Studio 15
VisualStudioVersion = 15.0.28307.1800
MinimumVisualStudioVersion = 10.0.40219.1
Project("{FAE04EC0-301F-11D3-BF4B-00C04F79EFBC}") = "D'Shoes", "D'Shoes\D'Shoes.csproj", "{1A8BD9EE-7A68-4C28-835C-E3A073DF5FFE}"
EndProject
Project("{54435603-DBB4-11D2-8724-00A0C9A8B90C}") = "D'ShoesApp", "D'ShoesApp\D'ShoesApp.vdproj", "{ACA08E2A-084B-48BD-B695-D7089EB7AECB}"
EndProject
Global
	GlobalSection(SolutionConfigurationPlatforms) = preSolution
		Debug|Any CPU = Debug|Any CPU
		Release|Any CPU = Release|Any CPU
	EndGlobalSection
	GlobalSection(ProjectConfigurationPlatforms) = postSolution
		{1A8BD9EE-7A68-4C28-835C-E3A073DF5FFE}.Debug|Any CPU.ActiveCfg = Debug|Any CPU
		{1A8BD9EE-7A68-4C28-835C-E3A073DF5FFE}.Debug|Any CPU.Build.0 = Debug|Any CPU
		{1A8BD9EE-7A68-4C28-835C-E3A073DF5FFE}.Release|Any CPU.ActiveCfg = Release|Any CPU
		{1A8BD9EE-7A68-4C28-835C-E3A073DF5FFE}.Release|Any CPU.Build.0 = Release|Any CPU
		{ACA08E2A-084B-48BD-B695-D7089EB7AECB}.Debug|Any CPU.ActiveCfg = Debug
		{ACA08E2A-084B-48BD-B695-D7089EB7AECB}.Release|Any CPU.ActiveCfg = Release
	EndGlobalSection
	GlobalSection(SolutionProperties) = preSolution
		HideSolutionNode = FALSE
	EndGlobalSection
	GlobalSection(ExtensibilityGlobals) = postSolution
		SolutionGuid = {E9DE524E-5E5F-4690-8C46-A9EE8D6A1195}
	EndGlobalSection
EndGlobal
